
Microsoft Visual Studio Solution File, Format Version 12.00
# Visual Studio 15
VisualStudioVersion = 15.0.26228.9
MinimumVisualStudioVersion = 10.0.40219.1
Project("{FAE04EC0-301F-11D3-BF4B-00C04F79EFBC}") = "NetEscapades.AspNetCore.SystemInformationTagHelper", "src\NetEscapades.AspNetCore.SystemInformationTagHelper\NetEscapades.AspNetCore.SystemInformationTagHelper.csproj", "{6EA20686-B723-41CB-9C1A-FA37AFDDE324}"
EndProject
Project("{9A19103F-16F7-4668-BE54-9A1E7A4F7556}") = "DemoMvcProject", "samples\DemoMvcProject\DemoMvcProject.csproj", "{5E0B44D8-83FD-4DAE-90A0-C47E31916353}"
EndProject
Project("{2150E333-8FDC-42A3-9474-1A3956D46DE8}") = "src", "src", "{189BB71C-7343-43B8-8A3D-9F2E689DB9DA}"
EndProject
Project("{2150E333-8FDC-42A3-9474-1A3956D46DE8}") = "samples", "samples", "{57CF9B30-80F7-4710-B357-529B98396C5D}"
EndProject
Project("{9A19103F-16F7-4668-BE54-9A1E7A4F7556}") = "NetEscapades.AspNetCore.TagHelpers", "src\NetEscapades.AspNetCore.TagHelpers\NetEscapades.AspNetCore.TagHelpers.csproj", "{B84310B2-2DC3-4D90-9C52-A23D5BCD95E7}"
EndProject
Project("{FAE04EC0-301F-11D3-BF4B-00C04F79EFBC}") = "NetEscapades.AspNetCore.PartialTagHelper", "src\NetEscapades.AspNetCore.PartialTagHelper\NetEscapades.AspNetCore.PartialTagHelper.csproj", "{C57A647A-250B-4CBB-90B3-83B7CFFD91F2}"
EndProject
Global
	GlobalSection(SolutionConfigurationPlatforms) = preSolution
		Debug|Any CPU = Debug|Any CPU
		Release|Any CPU = Release|Any CPU
	EndGlobalSection
	GlobalSection(ProjectConfigurationPlatforms) = postSolution
		{6EA20686-B723-41CB-9C1A-FA37AFDDE324}.Debug|Any CPU.ActiveCfg = Debug|Any CPU
		{6EA20686-B723-41CB-9C1A-FA37AFDDE324}.Debug|Any CPU.Build.0 = Debug|Any CPU
		{6EA20686-B723-41CB-9C1A-FA37AFDDE324}.Release|Any CPU.ActiveCfg = Release|Any CPU
		{6EA20686-B723-41CB-9C1A-FA37AFDDE324}.Release|Any CPU.Build.0 = Release|Any CPU
		{5E0B44D8-83FD-4DAE-90A0-C47E31916353}.Debug|Any CPU.ActiveCfg = Debug|Any CPU
		{5E0B44D8-83FD-4DAE-90A0-C47E31916353}.Debug|Any CPU.Build.0 = Debug|Any CPU
		{5E0B44D8-83FD-4DAE-90A0-C47E31916353}.Release|Any CPU.ActiveCfg = Release|Any CPU
		{5E0B44D8-83FD-4DAE-90A0-C47E31916353}.Release|Any CPU.Build.0 = Release|Any CPU
		{B84310B2-2DC3-4D90-9C52-A23D5BCD95E7}.Debug|Any CPU.ActiveCfg = Debug|Any CPU
		{B84310B2-2DC3-4D90-9C52-A23D5BCD95E7}.Debug|Any CPU.Build.0 = Debug|Any CPU
		{B84310B2-2DC3-4D90-9C52-A23D5BCD95E7}.Release|Any CPU.ActiveCfg = Release|Any CPU
		{B84310B2-2DC3-4D90-9C52-A23D5BCD95E7}.Release|Any CPU.Build.0 = Release|Any CPU
		{C57A647A-250B-4CBB-90B3-83B7CFFD91F2}.Debug|Any CPU.ActiveCfg = Debug|Any CPU
		{C57A647A-250B-4CBB-90B3-83B7CFFD91F2}.Debug|Any CPU.Build.0 = Debug|Any CPU
		{C57A647A-250B-4CBB-90B3-83B7CFFD91F2}.Release|Any CPU.ActiveCfg = Release|Any CPU
		{C57A647A-250B-4CBB-90B3-83B7CFFD91F2}.Release|Any CPU.Build.0 = Release|Any CPU
	EndGlobalSection
	GlobalSection(SolutionProperties) = preSolution
		HideSolutionNode = FALSE
	EndGlobalSection
	GlobalSection(NestedProjects) = preSolution
		{6EA20686-B723-41CB-9C1A-FA37AFDDE324} = {189BB71C-7343-43B8-8A3D-9F2E689DB9DA}
		{5E0B44D8-83FD-4DAE-90A0-C47E31916353} = {57CF9B30-80F7-4710-B357-529B98396C5D}
		{B84310B2-2DC3-4D90-9C52-A23D5BCD95E7} = {189BB71C-7343-43B8-8A3D-9F2E689DB9DA}
		{C57A647A-250B-4CBB-90B3-83B7CFFD91F2} = {189BB71C-7343-43B8-8A3D-9F2E689DB9DA}
	EndGlobalSection
EndGlobal
